
Microsoft Visual Studio Solution File, Format Version 12.00
# Visual Studio Version 17
VisualStudioVersion = 17.10.35027.167
MinimumVisualStudioVersion = 10.0.40219.1
Project("{FAE04EC0-301F-11D3-BF4B-00C04F79EFBC}") = "BooksShoppingCartMvcUI", "BooksShoppingCartMvcUI\BooksShoppingCartMvcUI.csproj", "{2DF780AD-A1D7-49BA-9715-E998F228CED2}"
EndProject
Global
	GlobalSection(SolutionConfigurationPlatforms) = preSolution
		Debug|Any CPU = Debug|Any CPU
		Release|Any CPU = Release|Any CPU
	EndGlobalSection
	GlobalSection(ProjectConfigurationPlatforms) = postSolution
		{2DF780AD-A1D7-49BA-9715-E998F228CED2}.Debug|Any CPU.ActiveCfg = Debug|Any CPU
		{2DF780AD-A1D7-49BA-9715-E998F228CED2}.Debug|Any CPU.Build.0 = Debug|Any CPU
		{2DF780AD-A1D7-49BA-9715-E998F228CED2}.Release|Any CPU.ActiveCfg = Release|Any CPU
		{2DF780AD-A1D7-49BA-9715-E998F228CED2}.Release|Any CPU.Build.0 = Release|Any CPU
	EndGlobalSection
	GlobalSection(SolutionProperties) = preSolution
		HideSolutionNode = FALSE
	EndGlobalSection
	GlobalSection(ExtensibilityGlobals) = postSolution
		SolutionGuid = {C05EDD3A-5849-43BA-AAF7-BB60D051F298}
	EndGlobalSection
EndGlobal
